// !$*UTF8*$!
{
	archiveVersion = 1;
	classes = {
	};
	objectVersion = 45;
	objects = {

/* Begin PBXBuildFile section */
		1D60589B0D05DD56006BFB54 /* main.m in Sources */ = {isa = PBXBuildFile; fileRef = 29B97316FDCFA39411CA2CEA /* main.m */; };
		1D60589F0D05DD5A006BFB54 /* Foundation.framework in Frameworks */ = {isa = PBXBuildFile; fileRef = 1D30AB110D05D00D00671497 /* Foundation.framework */; };
		1DF5F4E00D08C38300B7A737 /* UIKit.framework in Frameworks */ = {isa = PBXBuildFile; fileRef = 1DF5F4DF0D08C38300B7A737 /* UIKit.framework */; };
		288765A50DF7441C002DB57D /* CoreGraphics.framework in Frameworks */ = {isa = PBXBuildFile; fileRef = 288765A40DF7441C002DB57D /* CoreGraphics.framework */; };
		28D801B40F44B63D00FB423F /* CoreData.framework in Frameworks */ = {isa = PBXBuildFile; fileRef = 28D801B30F44B63D00FB423F /* CoreData.framework */; };
		6A469C6D11B2BD1000224DA2 /* AppDelegate.m in Sources */ = {isa = PBXBuildFile; fileRef = 6A469C6A11B2BD1000224DA2 /* AppDelegate.m */; };
		6A469C6F11B2BD2600224DA2 /* Koilon.xcdatamodel in Sources */ = {isa = PBXBuildFile; fileRef = 6A469C6E11B2BD2600224DA2 /* Koilon.xcdatamodel */; };
		6A469DE111B31CE200224DA2 /* libThree20.a in Frameworks */ = {isa = PBXBuildFile; fileRef = 6A469DE011B31CE200224DA2 /* libThree20.a */; };
		6ACFF6FB11EA2E54006C9E9D /* libAdditions.a in Frameworks */ = {isa = PBXBuildFile; fileRef = 6ACFF6FA11EA2E54006C9E9D /* libAdditions.a */; };
		6ACFF78311EA3AB6006C9E9D /* Actor.m in Sources */ = {isa = PBXBuildFile; fileRef = 6ACFF77411EA3AB6006C9E9D /* Actor.m */; };
		6ACFF78411EA3AB6006C9E9D /* Alarm.m in Sources */ = {isa = PBXBuildFile; fileRef = 6ACFF77611EA3AB6006C9E9D /* Alarm.m */; };
		6ACFF78511EA3AB6006C9E9D /* Area.m in Sources */ = {isa = PBXBuildFile; fileRef = 6ACFF77811EA3AB6006C9E9D /* Area.m */; };
		6ACFF78611EA3AB6006C9E9D /* Director.m in Sources */ = {isa = PBXBuildFile; fileRef = 6ACFF77A11EA3AB6006C9E9D /* Director.m */; };
		6ACFF78711EA3AB6006C9E9D /* Genre.m in Sources */ = {isa = PBXBuildFile; fileRef = 6ACFF77C11EA3AB6006C9E9D /* Genre.m */; };
		6ACFF78811EA3AB6006C9E9D /* Movie.m in Sources */ = {isa = PBXBuildFile; fileRef = 6ACFF77E11EA3AB6006C9E9D /* Movie.m */; };
		6ACFF78911EA3AB6006C9E9D /* Showtime.m in Sources */ = {isa = PBXBuildFile; fileRef = 6ACFF78011EA3AB6006C9E9D /* Showtime.m */; };
		6ACFF78A11EA3AB6006C9E9D /* Theater.m in Sources */ = {isa = PBXBuildFile; fileRef = 6ACFF78211EA3AB6006C9E9D /* Theater.m */; };
		6ACFF78D11EA3B10006C9E9D /* MainWindow.xib in Resources */ = {isa = PBXBuildFile; fileRef = 6ACFF78C11EA3B10006C9E9D /* MainWindow.xib */; };
		EB383C1410BBF8C70000B2D2 /* QuartzCore.framework in Frameworks */ = {isa = PBXBuildFile; fileRef = EB383C1310BBF8C70000B2D2 /* QuartzCore.framework */; };
		EB383D1110BBFC630000B2D2 /* Three20.bundle in Resources */ = {isa = PBXBuildFile; fileRef = EB383D1010BBFC630000B2D2 /* Three20.bundle */; };
/* End PBXBuildFile section */

/* Begin PBXContainerItemProxy section */
		6A469C9F11B2C0F800224DA2 /* PBXContainerItemProxy */ = {
			isa = PBXContainerItemProxy;
			containerPortal = 6A469C7411B2C0F700224DA2 /* Three20.xcodeproj */;
			proxyType = 2;
			remoteGlobalIDString = BEF31F3A0F352DF5000DE5D2;
			remoteInfo = Three20;
		};
		6A469CA111B2C0F800224DA2 /* PBXContainerItemProxy */ = {
			isa = PBXContainerItemProxy;
			containerPortal = 6A469C7411B2C0F700224DA2 /* Three20.xcodeproj */;
			proxyType = 2;
			remoteGlobalIDString = EB9E6C6210B6A8F800DE563C;
			remoteInfo = UnitTests;
		};
		6A469CCF11B2C2A500224DA2 /* PBXContainerItemProxy */ = {
			isa = PBXContainerItemProxy;
			containerPortal = 6A469C7411B2C0F700224DA2 /* Three20.xcodeproj */;
			proxyType = 1;
			remoteGlobalIDString = BEF31F390F352DF5000DE5D2;
			remoteInfo = Three20;
		};
		6ACFF72011EA2EE3006C9E9D /* PBXContainerItemProxy */ = {
			isa = PBXContainerItemProxy;
			containerPortal = 6ACFF71C11EA2EE3006C9E9D /* Additions.xcodeproj */;
			proxyType = 2;
			remoteGlobalIDString = D2AAC07E0554694100DB518D /* libAdditions.a */;
			remoteInfo = Additions;
		};
/* End PBXContainerItemProxy section */

/* Begin PBXFileReference section */
		1D30AB110D05D00D00671497 /* Foundation.framework */ = {isa = PBXFileReference; lastKnownFileType = wrapper.framework; name = Foundation.framework; path = System/Library/Frameworks/Foundation.framework; sourceTree = SDKROOT; };
		1D6058910D05DD3D006BFB54 /* Koilon.app */ = {isa = PBXFileReference; explicitFileType = wrapper.application; includeInIndex = 0; path = Koilon.app; sourceTree = BUILT_PRODUCTS_DIR; };
		1DF5F4DF0D08C38300B7A737 /* UIKit.framework */ = {isa = PBXFileReference; lastKnownFileType = wrapper.framework; name = UIKit.framework; path = System/Library/Frameworks/UIKit.framework; sourceTree = SDKROOT; };
		288765A40DF7441C002DB57D /* CoreGraphics.framework */ = {isa = PBXFileReference; lastKnownFileType = wrapper.framework; name = CoreGraphics.framework; path = System/Library/Frameworks/CoreGraphics.framework; sourceTree = SDKROOT; };
		28D801B30F44B63D00FB423F /* CoreData.framework */ = {isa = PBXFileReference; lastKnownFileType = wrapper.framework; name = CoreData.framework; path = System/Library/Frameworks/CoreData.framework; sourceTree = SDKROOT; };
		29B97316FDCFA39411CA2CEA /* main.m */ = {isa = PBXFileReference; fileEncoding = 4; lastKnownFileType = sourcecode.c.objc; path = main.m; sourceTree = "<group>"; };
		32CA4F630368D1EE00C91783 /* Koilon_Prefix.pch */ = {isa = PBXFileReference; fileEncoding = 4; lastKnownFileType = sourcecode.c.h; path = Koilon_Prefix.pch; sourceTree = "<group>"; };
		6A469C6911B2BD1000224DA2 /* AppDelegate.h */ = {isa = PBXFileReference; fileEncoding = 4; lastKnownFileType = sourcecode.c.h; path = AppDelegate.h; sourceTree = "<group>"; };
		6A469C6A11B2BD1000224DA2 /* AppDelegate.m */ = {isa = PBXFileReference; fileEncoding = 4; lastKnownFileType = sourcecode.c.objc; path = AppDelegate.m; sourceTree = "<group>"; };
		6A469C6E11B2BD2600224DA2 /* Koilon.xcdatamodel */ = {isa = PBXFileReference; fileEncoding = 4; lastKnownFileType = wrapper.xcdatamodel; name = Koilon.xcdatamodel; path = Resources/Databases/Koilon.xcdatamodel; sourceTree = "<group>"; };
		6A469C7411B2C0F700224DA2 /* Three20.xcodeproj */ = {isa = PBXFileReference; lastKnownFileType = "wrapper.pb-project"; name = Three20.xcodeproj; path = ../three20/src/Three20/Three20.xcodeproj; sourceTree = SOURCE_ROOT; };
		6A469DE011B31CE200224DA2 /* libThree20.a */ = {isa = PBXFileReference; lastKnownFileType = archive.ar; name = libThree20.a; path = "../../../three20/Build/Products/Debug-iphonesimulator/libThree20.a"; sourceTree = BUILT_PRODUCTS_DIR; };
		6ACFF6FA11EA2E54006C9E9D /* libAdditions.a */ = {isa = PBXFileReference; lastKnownFileType = archive.ar; name = libAdditions.a; path = "/Users/Norber/Projects/StoneFree/koilon/Additions/build/Debug-iphonesimulator/libAdditions.a"; sourceTree = "<absolute>"; };
		6ACFF71C11EA2EE3006C9E9D /* Additions.xcodeproj */ = {isa = PBXFileReference; lastKnownFileType = "wrapper.pb-project"; name = Additions.xcodeproj; path = ../Additions/Additions.xcodeproj; sourceTree = SOURCE_ROOT; };
		6ACFF77311EA3AB6006C9E9D /* Actor.h */ = {isa = PBXFileReference; fileEncoding = 4; lastKnownFileType = sourcecode.c.h; path = Actor.h; sourceTree = "<group>"; };
		6ACFF77411EA3AB6006C9E9D /* Actor.m */ = {isa = PBXFileReference; fileEncoding = 4; lastKnownFileType = sourcecode.c.objc; path = Actor.m; sourceTree = "<group>"; };
		6ACFF77511EA3AB6006C9E9D /* Alarm.h */ = {isa = PBXFileReference; fileEncoding = 4; lastKnownFileType = sourcecode.c.h; path = Alarm.h; sourceTree = "<group>"; };
		6ACFF77611EA3AB6006C9E9D /* Alarm.m */ = {isa = PBXFileReference; fileEncoding = 4; lastKnownFileType = sourcecode.c.objc; path = Alarm.m; sourceTree = "<group>"; };
		6ACFF77711EA3AB6006C9E9D /* Area.h */ = {isa = PBXFileReference; fileEncoding = 4; lastKnownFileType = sourcecode.c.h; path = Area.h; sourceTree = "<group>"; };
		6ACFF77811EA3AB6006C9E9D /* Area.m */ = {isa = PBXFileReference; fileEncoding = 4; lastKnownFileType = sourcecode.c.objc; path = Area.m; sourceTree = "<group>"; };
		6ACFF77911EA3AB6006C9E9D /* Director.h */ = {isa = PBXFileReference; fileEncoding = 4; lastKnownFileType = sourcecode.c.h; path = Director.h; sourceTree = "<group>"; };
		6ACFF77A11EA3AB6006C9E9D /* Director.m */ = {isa = PBXFileReference; fileEncoding = 4; lastKnownFileType = sourcecode.c.objc; path = Director.m; sourceTree = "<group>"; };
		6ACFF77B11EA3AB6006C9E9D /* Genre.h */ = {isa = PBXFileReference; fileEncoding = 4; lastKnownFileType = sourcecode.c.h; path = Genre.h; sourceTree = "<group>"; };
		6ACFF77C11EA3AB6006C9E9D /* Genre.m */ = {isa = PBXFileReference; fileEncoding = 4; lastKnownFileType = sourcecode.c.objc; path = Genre.m; sourceTree = "<group>"; };
		6ACFF77D11EA3AB6006C9E9D /* Movie.h */ = {isa = PBXFileReference; fileEncoding = 4; lastKnownFileType = sourcecode.c.h; path = Movie.h; sourceTree = "<group>"; };
		6ACFF77E11EA3AB6006C9E9D /* Movie.m */ = {isa = PBXFileReference; fileEncoding = 4; lastKnownFileType = sourcecode.c.objc; path = Movie.m; sourceTree = "<group>"; };
		6ACFF77F11EA3AB6006C9E9D /* Showtime.h */ = {isa = PBXFileReference; fileEncoding = 4; lastKnownFileType = sourcecode.c.h; path = Showtime.h; sourceTree = "<group>"; };
		6ACFF78011EA3AB6006C9E9D /* Showtime.m */ = {isa = PBXFileReference; fileEncoding = 4; lastKnownFileType = sourcecode.c.objc; path = Showtime.m; sourceTree = "<group>"; };
		6ACFF78111EA3AB6006C9E9D /* Theater.h */ = {isa = PBXFileReference; fileEncoding = 4; lastKnownFileType = sourcecode.c.h; path = Theater.h; sourceTree = "<group>"; };
		6ACFF78211EA3AB6006C9E9D /* Theater.m */ = {isa = PBXFileReference; fileEncoding = 4; lastKnownFileType = sourcecode.c.objc; path = Theater.m; sourceTree = "<group>"; };
		6ACFF78C11EA3B10006C9E9D /* MainWindow.xib */ = {isa = PBXFileReference; lastKnownFileType = file.xib; path = MainWindow.xib; sourceTree = "<group>"; };
		8D1107310486CEB800E47090 /* Koilon-Info.plist */ = {isa = PBXFileReference; fileEncoding = 4; lastKnownFileType = text.plist.xml; path = "Koilon-Info.plist"; sourceTree = "<group>"; };
		EB383C1310BBF8C70000B2D2 /* QuartzCore.framework */ = {isa = PBXFileReference; lastKnownFileType = wrapper.framework; name = QuartzCore.framework; path = System/Library/Frameworks/QuartzCore.framework; sourceTree = SDKROOT; };
		EB383D1010BBFC630000B2D2 /* Three20.bundle */ = {isa = PBXFileReference; lastKnownFileType = "wrapper.plug-in"; name = Three20.bundle; path = ../three20/src/Three20.bundle; sourceTree = SOURCE_ROOT; };
/* End PBXFileReference section */

/* Begin PBXFrameworksBuildPhase section */
		1D60588F0D05DD3D006BFB54 /* Frameworks */ = {
			isa = PBXFrameworksBuildPhase;
			buildActionMask = 2147483647;
			files = (
				1D60589F0D05DD5A006BFB54 /* Foundation.framework in Frameworks */,
				1DF5F4E00D08C38300B7A737 /* UIKit.framework in Frameworks */,
				288765A50DF7441C002DB57D /* CoreGraphics.framework in Frameworks */,
				28D801B40F44B63D00FB423F /* CoreData.framework in Frameworks */,
				EB383C1410BBF8C70000B2D2 /* QuartzCore.framework in Frameworks */,
				6A469DE111B31CE200224DA2 /* libThree20.a in Frameworks */,
				6ACFF6FB11EA2E54006C9E9D /* libAdditions.a in Frameworks */,
			);
			runOnlyForDeploymentPostprocessing = 0;
		};
/* End PBXFrameworksBuildPhase section */

/* Begin PBXGroup section */
		19C28FACFE9D520D11CA2CBB /* Products */ = {
			isa = PBXGroup;
			children = (
				1D6058910D05DD3D006BFB54 /* Koilon.app */,
			);
			name = Products;
			sourceTree = "<group>";
		};
		29B97314FDCFA39411CA2CEA /* CustomTemplate */ = {
			isa = PBXGroup;
			children = (
				6A469C6611B2BD1000224DA2 /* Classes */,
				29B97315FDCFA39411CA2CEA /* Other Sources */,
				29B97317FDCFA39411CA2CEA /* Resources */,
				6EF963BC118E96B7003902E7 /* Dependencies */,
				29B97323FDCFA39411CA2CEA /* Frameworks */,
				19C28FACFE9D520D11CA2CBB /* Products */,
			);
			name = CustomTemplate;
			sourceTree = "<group>";
		};
		29B97315FDCFA39411CA2CEA /* Other Sources */ = {
			isa = PBXGroup;
			children = (
				32CA4F630368D1EE00C91783 /* Koilon_Prefix.pch */,
				29B97316FDCFA39411CA2CEA /* main.m */,
			);
			name = "Other Sources";
			sourceTree = "<group>";
		};
		29B97317FDCFA39411CA2CEA /* Resources */ = {
			isa = PBXGroup;
			children = (
				6ACFF78B11EA3B10006C9E9D /* Nibs */,
				EB383D1010BBFC630000B2D2 /* Three20.bundle */,
				8D1107310486CEB800E47090 /* Koilon-Info.plist */,
				6A469C6E11B2BD2600224DA2 /* Koilon.xcdatamodel */,
			);
			name = Resources;
			sourceTree = "<group>";
		};
		29B97323FDCFA39411CA2CEA /* Frameworks */ = {
			isa = PBXGroup;
			children = (
				1DF5F4DF0D08C38300B7A737 /* UIKit.framework */,
				1D30AB110D05D00D00671497 /* Foundation.framework */,
				288765A40DF7441C002DB57D /* CoreGraphics.framework */,
				28D801B30F44B63D00FB423F /* CoreData.framework */,
				EB383C1310BBF8C70000B2D2 /* QuartzCore.framework */,
				6A469DE011B31CE200224DA2 /* libThree20.a */,
				6ACFF6FA11EA2E54006C9E9D /* libAdditions.a */,
			);
			name = Frameworks;
			sourceTree = "<group>";
		};
		6A469C6611B2BD1000224DA2 /* Classes */ = {
			isa = PBXGroup;
			children = (
				6A469FE911B3339900224DA2 /* Views */,
				6A469FE611B3336400224DA2 /* Additions */,
				6A469FE511B3334F00224DA2 /* Global */,
				6A469C6711B2BD1000224DA2 /* Controllers */,
				6A469C6811B2BD1000224DA2 /* Delegates */,
				6A469C6B11B2BD1000224DA2 /* Helpers */,
				6A469C6C11B2BD1000224DA2 /* Models */,
			);
			path = Classes;
			sourceTree = "<group>";
		};
		6A469C6711B2BD1000224DA2 /* Controllers */ = {
			isa = PBXGroup;
			children = (
			);
			path = Controllers;
			sourceTree = "<group>";
		};
		6A469C6811B2BD1000224DA2 /* Delegates */ = {
			isa = PBXGroup;
			children = (
				6A469C6911B2BD1000224DA2 /* AppDelegate.h */,
				6A469C6A11B2BD1000224DA2 /* AppDelegate.m */,
			);
			path = Delegates;
			sourceTree = "<group>";
		};
		6A469C6B11B2BD1000224DA2 /* Helpers */ = {
			isa = PBXGroup;
			children = (
			);
			path = Helpers;
			sourceTree = "<group>";
		};
		6A469C6C11B2BD1000224DA2 /* Models */ = {
			isa = PBXGroup;
			children = (
				6ACFF77311EA3AB6006C9E9D /* Actor.h */,
				6ACFF77411EA3AB6006C9E9D /* Actor.m */,
				6ACFF77511EA3AB6006C9E9D /* Alarm.h */,
				6ACFF77611EA3AB6006C9E9D /* Alarm.m */,
				6ACFF77711EA3AB6006C9E9D /* Area.h */,
				6ACFF77811EA3AB6006C9E9D /* Area.m */,
				6ACFF77911EA3AB6006C9E9D /* Director.h */,
				6ACFF77A11EA3AB6006C9E9D /* Director.m */,
				6ACFF77B11EA3AB6006C9E9D /* Genre.h */,
				6ACFF77C11EA3AB6006C9E9D /* Genre.m */,
				6ACFF77D11EA3AB6006C9E9D /* Movie.h */,
				6ACFF77E11EA3AB6006C9E9D /* Movie.m */,
				6ACFF77F11EA3AB6006C9E9D /* Showtime.h */,
				6ACFF78011EA3AB6006C9E9D /* Showtime.m */,
				6ACFF78111EA3AB6006C9E9D /* Theater.h */,
				6ACFF78211EA3AB6006C9E9D /* Theater.m */,
			);
			path = Models;
			sourceTree = "<group>";
		};
		6A469C7511B2C0F700224DA2 /* Products */ = {
			isa = PBXGroup;
			children = (
				6A469CA011B2C0F800224DA2 /* libThree20.a */,
				6A469CA211B2C0F800224DA2 /* UnitTests.octest */,
			);
			name = Products;
			sourceTree = "<group>";
		};
		6A469FE511B3334F00224DA2 /* Global */ = {
			isa = PBXGroup;
			children = (
			);
			path = Global;
			sourceTree = "<group>";
		};
		6A469FE611B3336400224DA2 /* Additions */ = {
			isa = PBXGroup;
			children = (
			);
			path = Additions;
			sourceTree = "<group>";
		};
		6A469FE911B3339900224DA2 /* Views */ = {
			isa = PBXGroup;
			children = (
			);
			path = Views;
			sourceTree = "<group>";
		};
		6ACFF71D11EA2EE3006C9E9D /* Products */ = {
			isa = PBXGroup;
			children = (
				6ACFF72111EA2EE3006C9E9D /* libAdditions.a */,
			);
			name = Products;
			sourceTree = "<group>";
		};
		6ACFF78B11EA3B10006C9E9D /* Nibs */ = {
			isa = PBXGroup;
			children = (
				6ACFF78C11EA3B10006C9E9D /* MainWindow.xib */,
			);
			name = Nibs;
			path = Resources/Nibs;
			sourceTree = "<group>";
		};
		6EF963BC118E96B7003902E7 /* Dependencies */ = {
			isa = PBXGroup;
			children = (
				6ACFF71C11EA2EE3006C9E9D /* Additions.xcodeproj */,
				6A469C7411B2C0F700224DA2 /* Three20.xcodeproj */,
			);
			name = Dependencies;
			sourceTree = "<group>";
		};
/* End PBXGroup section */

/* Begin PBXNativeTarget section */
		1D6058900D05DD3D006BFB54 /* Koilon */ = {
			isa = PBXNativeTarget;
			buildConfigurationList = 1D6058960D05DD3E006BFB54 /* Build configuration list for PBXNativeTarget "Koilon" */;
			buildPhases = (
				1D60588D0D05DD3D006BFB54 /* Resources */,
				1D60588E0D05DD3D006BFB54 /* Sources */,
				1D60588F0D05DD3D006BFB54 /* Frameworks */,
			);
			buildRules = (
			);
			dependencies = (
				6A469CD011B2C2A500224DA2 /* PBXTargetDependency */,
			);
			name = Koilon;
			productName = Koilon;
			productReference = 1D6058910D05DD3D006BFB54 /* Koilon.app */;
			productType = "com.apple.product-type.application";
		};
/* End PBXNativeTarget section */

/* Begin PBXProject section */
		29B97313FDCFA39411CA2CEA /* Project object */ = {
			isa = PBXProject;
			buildConfigurationList = C01FCF4E08A954540054247B /* Build configuration list for PBXProject "Koilon" */;
			compatibilityVersion = "Xcode 3.1";
			hasScannedForEncodings = 1;
			mainGroup = 29B97314FDCFA39411CA2CEA /* CustomTemplate */;
			projectDirPath = "";
			projectReferences = (
				{
					ProductGroup = 6ACFF71D11EA2EE3006C9E9D /* Products */;
					ProjectRef = 6ACFF71C11EA2EE3006C9E9D /* Additions.xcodeproj */;
				},
				{
					ProductGroup = 6A469C7511B2C0F700224DA2 /* Products */;
					ProjectRef = 6A469C7411B2C0F700224DA2 /* Three20.xcodeproj */;
				},
			);
			projectRoot = "";
			targets = (
				1D6058900D05DD3D006BFB54 /* Koilon */,
			);
		};
/* End PBXProject section */

/* Begin PBXReferenceProxy section */
		6A469CA011B2C0F800224DA2 /* libThree20.a */ = {
			isa = PBXReferenceProxy;
			fileType = archive.ar;
			path = libThree20.a;
			remoteRef = 6A469C9F11B2C0F800224DA2 /* PBXContainerItemProxy */;
			sourceTree = BUILT_PRODUCTS_DIR;
		};
		6A469CA211B2C0F800224DA2 /* UnitTests.octest */ = {
			isa = PBXReferenceProxy;
			fileType = wrapper.cfbundle;
			path = UnitTests.octest;
			remoteRef = 6A469CA111B2C0F800224DA2 /* PBXContainerItemProxy */;
			sourceTree = BUILT_PRODUCTS_DIR;
		};
		6ACFF72111EA2EE3006C9E9D /* libAdditions.a */ = {
			isa = PBXReferenceProxy;
			fileType = archive.ar;
			path = libAdditions.a;
			remoteRef = 6ACFF72011EA2EE3006C9E9D /* PBXContainerItemProxy */;
			sourceTree = BUILT_PRODUCTS_DIR;
		};
/* End PBXReferenceProxy section */

/* Begin PBXResourcesBuildPhase section */
		1D60588D0D05DD3D006BFB54 /* Resources */ = {
			isa = PBXResourcesBuildPhase;
			buildActionMask = 2147483647;
			files = (
				EB383D1110BBFC630000B2D2 /* Three20.bundle in Resources */,
				6ACFF78D11EA3B10006C9E9D /* MainWindow.xib in Resources */,
			);
			runOnlyForDeploymentPostprocessing = 0;
		};
/* End PBXResourcesBuildPhase section */

/* Begin PBXSourcesBuildPhase section */
		1D60588E0D05DD3D006BFB54 /* Sources */ = {
			isa = PBXSourcesBuildPhase;
			buildActionMask = 2147483647;
			files = (
				1D60589B0D05DD56006BFB54 /* main.m in Sources */,
				6A469C6D11B2BD1000224DA2 /* AppDelegate.m in Sources */,
				6A469C6F11B2BD2600224DA2 /* Koilon.xcdatamodel in Sources */,
				6ACFF78311EA3AB6006C9E9D /* Actor.m in Sources */,
				6ACFF78411EA3AB6006C9E9D /* Alarm.m in Sources */,
				6ACFF78511EA3AB6006C9E9D /* Area.m in Sources */,
				6ACFF78611EA3AB6006C9E9D /* Director.m in Sources */,
				6ACFF78711EA3AB6006C9E9D /* Genre.m in Sources */,
				6ACFF78811EA3AB6006C9E9D /* Movie.m in Sources */,
				6ACFF78911EA3AB6006C9E9D /* Showtime.m in Sources */,
				6ACFF78A11EA3AB6006C9E9D /* Theater.m in Sources */,
			);
			runOnlyForDeploymentPostprocessing = 0;
		};
/* End PBXSourcesBuildPhase section */

/* Begin PBXTargetDependency section */
		6A469CD011B2C2A500224DA2 /* PBXTargetDependency */ = {
			isa = PBXTargetDependency;
			name = Three20;
			targetProxy = 6A469CCF11B2C2A500224DA2 /* PBXContainerItemProxy */;
		};
/* End PBXTargetDependency section */

/* Begin XCBuildConfiguration section */
		1D6058940D05DD3E006BFB54 /* Debug */ = {
			isa = XCBuildConfiguration;
			buildSettings = {
				ALWAYS_SEARCH_USER_PATHS = NO;
				COPY_PHASE_STRIP = NO;
				FRAMEWORK_SEARCH_PATHS = "$(inherited)";
				GCC_DYNAMIC_NO_PIC = NO;
				GCC_OPTIMIZATION_LEVEL = 0;
				GCC_PRECOMPILE_PREFIX_HEADER = YES;
				GCC_PREFIX_HEADER = Koilon_Prefix.pch;
				HEADER_SEARCH_PATHS = ../three20/Build/Products/three20;
				INFOPLIST_FILE = "Koilon-Info.plist";
				LIBRARY_SEARCH_PATHS = (
					"$(inherited)",
					"\"$(SRCROOT)/../three20/Build/Products/Debug-iphonesimulator\"",
					"\"$(SRCROOT)/../Additions/build/Debug-iphonesimulator\"",
				);
				OTHER_LDFLAGS = (
					"-force_load",
					"../Additions/build/Debug-iphonesimulator/libAdditions.a",
				);
				PRODUCT_NAME = Koilon;
			};
			name = Debug;
		};
		1D6058950D05DD3E006BFB54 /* Release */ = {
			isa = XCBuildConfiguration;
			buildSettings = {
				ALWAYS_SEARCH_USER_PATHS = NO;
				COPY_PHASE_STRIP = YES;
				FRAMEWORK_SEARCH_PATHS = "$(inherited)";
				GCC_PRECOMPILE_PREFIX_HEADER = YES;
				GCC_PREFIX_HEADER = Koilon_Prefix.pch;
				HEADER_SEARCH_PATHS = ../three20/Build/Products/three20;
				INFOPLIST_FILE = "Koilon-Info.plist";
				LIBRARY_SEARCH_PATHS = (
					"$(inherited)",
					"\"$(SRCROOT)/../three20/Build/Products/Debug-iphonesimulator\"",
					"\"$(SRCROOT)/../Additions/build/Debug-iphonesimulator\"",
				);
				OTHER_LDFLAGS = (
					"-force_load",
					"../Additions/build/Debug-iphonesimulator/libAdditions.a",
				);
				PRODUCT_NAME = Koilon;
			};
			name = Release;
		};
		C01FCF4F08A954540054247B /* Debug */ = {
			isa = XCBuildConfiguration;
			buildSettings = {
				ARCHS = "$(ARCHS_STANDARD_32_BIT)";
				"CODE_SIGN_IDENTITY[sdk=iphoneos*]" = "iPhone Developer";
				GCC_C_LANGUAGE_STANDARD = c99;
				GCC_PREPROCESSOR_DEFINITIONS = DEBUG;
				GCC_VERSION = com.apple.compilers.llvm.clang.1_0;
				GCC_WARN_ABOUT_RETURN_TYPE = YES;
				GCC_WARN_UNUSED_VARIABLE = YES;
				HEADER_SEARCH_PATHS = ../three20/Build/Products/three20;
				OTHER_CFLAGS = "";
				OTHER_LDFLAGS = (
					"-force_load",
					libAdditions.a,
				);
				PREBINDING = NO;
				SDKROOT = iphonesimulator3.2;
			};
			name = Debug;
		};
		C01FCF5008A954540054247B /* Release */ = {
			isa = XCBuildConfiguration;
			buildSettings = {
				ARCHS = "$(ARCHS_STANDARD_32_BIT)";
				"CODE_SIGN_IDENTITY[sdk=iphoneos*]" = "iPhone Developer";
				DEAD_CODE_STRIPPING = YES;
				GCC_C_LANGUAGE_STANDARD = c99;
				GCC_VERSION = com.apple.compilers.llvm.clang.1_0;
				GCC_WARN_ABOUT_RETURN_TYPE = YES;
				GCC_WARN_UNUSED_VARIABLE = YES;
				HEADER_SEARCH_PATHS = ../three20/Build/Products/three20;
				OTHER_CFLAGS = "";
				OTHER_LDFLAGS = (
					"-force_load",
					libAdditions.a,
				);
				PREBINDING = NO;
				SDKROOT = iphonesimulator3.2;
			};
			name = Release;
		};
/* End XCBuildConfiguration section */

/* Begin XCConfigurationList section */
		1D6058960D05DD3E006BFB54 /* Build configuration list for PBXNativeTarget "Koilon" */ = {
			isa = XCConfigurationList;
			buildConfigurations = (
				1D6058940D05DD3E006BFB54 /* Debug */,
				1D6058950D05DD3E006BFB54 /* Release */,
			);
			defaultConfigurationIsVisible = 0;
			defaultConfigurationName = Release;
		};
		C01FCF4E08A954540054247B /* Build configuration list for PBXProject "Koilon" */ = {
			isa = XCConfigurationList;
			buildConfigurations = (
				C01FCF4F08A954540054247B /* Debug */,
				C01FCF5008A954540054247B /* Release */,
			);
			defaultConfigurationIsVisible = 0;
			defaultConfigurationName = Release;
		};
/* End XCConfigurationList section */
	};
	rootObject = 29B97313FDCFA39411CA2CEA /* Project object */;
}
