// !$*UTF8*$!
{
	archiveVersion = 1;
	classes = {
	};
	objectVersion = 45;
	objects = {

/* Begin PBXBuildFile section */
		6ACFF6A611EA2D14006C9E9D /* UIColorAdditions.h in Headers */ = {isa = PBXBuildFile; fileRef = 6ACFF67411EA2D14006C9E9D /* UIColorAdditions.h */; };
		6ACFF6A711EA2D14006C9E9D /* UIColorAdditions.m in Sources */ = {isa = PBXBuildFile; fileRef = 6ACFF67511EA2D14006C9E9D /* UIColorAdditions.m */; };
		6ACFF6A811EA2D14006C9E9D /* UIFontAdditions.h in Headers */ = {isa = PBXBuildFile; fileRef = 6ACFF67611EA2D14006C9E9D /* UIFontAdditions.h */; };
		6ACFF6A911EA2D14006C9E9D /* UIFontAdditions.m in Sources */ = {isa = PBXBuildFile; fileRef = 6ACFF67711EA2D14006C9E9D /* UIFontAdditions.m */; };
		6ACFF6AA11EA2D14006C9E9D /* UIImageAdditions.h in Headers */ = {isa = PBXBuildFile; fileRef = 6ACFF67811EA2D14006C9E9D /* UIImageAdditions.h */; };
		6ACFF6AB11EA2D14006C9E9D /* UIImageAdditions.m in Sources */ = {isa = PBXBuildFile; fileRef = 6ACFF67911EA2D14006C9E9D /* UIImageAdditions.m */; };
		6ACFF6AC11EA2D14006C9E9D /* UIViewController+TTNavigatorGarbageCollection.h in Headers */ = {isa = PBXBuildFile; fileRef = 6ACFF67C11EA2D14006C9E9D /* UIViewController+TTNavigatorGarbageCollection.h */; };
		6ACFF6AD11EA2D14006C9E9D /* UIViewController+TTNavigator.h in Headers */ = {isa = PBXBuildFile; fileRef = 6ACFF67D11EA2D14006C9E9D /* UIViewController+TTNavigator.h */; };
		6ACFF6AE11EA2D14006C9E9D /* UIViewController+TTNavigator.m in Sources */ = {isa = PBXBuildFile; fileRef = 6ACFF67E11EA2D14006C9E9D /* UIViewController+TTNavigator.m */; };
		6ACFF6AF11EA2D14006C9E9D /* UIViewControllerGarbageCollection.h in Headers */ = {isa = PBXBuildFile; fileRef = 6ACFF68111EA2D14006C9E9D /* UIViewControllerGarbageCollection.h */; };
		6ACFF6B011EA2D14006C9E9D /* UIViewControllerAdditions.h in Headers */ = {isa = PBXBuildFile; fileRef = 6ACFF68211EA2D14006C9E9D /* UIViewControllerAdditions.h */; };
		6ACFF6B111EA2D14006C9E9D /* UIWindowAdditions.h in Headers */ = {isa = PBXBuildFile; fileRef = 6ACFF68311EA2D14006C9E9D /* UIWindowAdditions.h */; };
		6ACFF6B211EA2D14006C9E9D /* UIWindowAdditions.m in Sources */ = {isa = PBXBuildFile; fileRef = 6ACFF68411EA2D14006C9E9D /* UIWindowAdditions.m */; };
		6ACFF6B311EA2D14006C9E9D /* UIViewControllerAdditions.m in Sources */ = {isa = PBXBuildFile; fileRef = 6ACFF68511EA2D14006C9E9D /* UIViewControllerAdditions.m */; };
		6ACFF6B411EA2D14006C9E9D /* UINavigationControllerAdditions.h in Headers */ = {isa = PBXBuildFile; fileRef = 6ACFF68711EA2D14006C9E9D /* UINavigationControllerAdditions.h */; };
		6ACFF6B511EA2D14006C9E9D /* UINavigationControllerAdditions.m in Sources */ = {isa = PBXBuildFile; fileRef = 6ACFF68811EA2D14006C9E9D /* UINavigationControllerAdditions.m */; };
		6ACFF6B611EA2D14006C9E9D /* UINSObjectAdditions.h in Headers */ = {isa = PBXBuildFile; fileRef = 6ACFF68911EA2D14006C9E9D /* UINSObjectAdditions.h */; };
		6ACFF6B711EA2D14006C9E9D /* UINSObjectAdditions.m in Sources */ = {isa = PBXBuildFile; fileRef = 6ACFF68A11EA2D14006C9E9D /* UINSObjectAdditions.m */; };
		6ACFF6B811EA2D14006C9E9D /* UINSStringAdditions.h in Headers */ = {isa = PBXBuildFile; fileRef = 6ACFF68B11EA2D14006C9E9D /* UINSStringAdditions.h */; };
		6ACFF6B911EA2D14006C9E9D /* UINSStringAdditions.m in Sources */ = {isa = PBXBuildFile; fileRef = 6ACFF68C11EA2D14006C9E9D /* UINSStringAdditions.m */; };
		6ACFF6BA11EA2D14006C9E9D /* UITabBarControllerAdditions.h in Headers */ = {isa = PBXBuildFile; fileRef = 6ACFF68D11EA2D14006C9E9D /* UITabBarControllerAdditions.h */; };
		6ACFF6BB11EA2D14006C9E9D /* UITabBarControllerAdditions.m in Sources */ = {isa = PBXBuildFile; fileRef = 6ACFF68E11EA2D14006C9E9D /* UITabBarControllerAdditions.m */; };
		6ACFF6BC11EA2D14006C9E9D /* UITableViewAdditions.h in Headers */ = {isa = PBXBuildFile; fileRef = 6ACFF68F11EA2D14006C9E9D /* UITableViewAdditions.h */; };
		6ACFF6BD11EA2D14006C9E9D /* UITableViewAdditions.m in Sources */ = {isa = PBXBuildFile; fileRef = 6ACFF69011EA2D14006C9E9D /* UITableViewAdditions.m */; };
		6ACFF6BE11EA2D14006C9E9D /* UIToolbarAdditions.h in Headers */ = {isa = PBXBuildFile; fileRef = 6ACFF69111EA2D14006C9E9D /* UIToolbarAdditions.h */; };
		6ACFF6BF11EA2D14006C9E9D /* UIToolbarAdditions.m in Sources */ = {isa = PBXBuildFile; fileRef = 6ACFF69211EA2D14006C9E9D /* UIToolbarAdditions.m */; };
		6ACFF6C011EA2D14006C9E9D /* UIViewAdditions.h in Headers */ = {isa = PBXBuildFile; fileRef = 6ACFF69311EA2D14006C9E9D /* UIViewAdditions.h */; };
		6ACFF6C111EA2D14006C9E9D /* UIViewAdditions.m in Sources */ = {isa = PBXBuildFile; fileRef = 6ACFF69411EA2D14006C9E9D /* UIViewAdditions.m */; };
		6ACFF6C211EA2D14006C9E9D /* UIWebViewAdditions.h in Headers */ = {isa = PBXBuildFile; fileRef = 6ACFF69511EA2D14006C9E9D /* UIWebViewAdditions.h */; };
		6ACFF6C311EA2D14006C9E9D /* UIWebViewAdditions.m in Sources */ = {isa = PBXBuildFile; fileRef = 6ACFF69611EA2D14006C9E9D /* UIWebViewAdditions.m */; };
		6ACFF6C411EA2D14006C9E9D /* NSArrayAdditions.h in Headers */ = {isa = PBXBuildFile; fileRef = 6ACFF69811EA2D14006C9E9D /* NSArrayAdditions.h */; };
		6ACFF6C511EA2D14006C9E9D /* NSArrayAdditions.m in Sources */ = {isa = PBXBuildFile; fileRef = 6ACFF69911EA2D14006C9E9D /* NSArrayAdditions.m */; };
		6ACFF6C611EA2D14006C9E9D /* NSDataAdditions.h in Headers */ = {isa = PBXBuildFile; fileRef = 6ACFF69A11EA2D14006C9E9D /* NSDataAdditions.h */; };
		6ACFF6C711EA2D14006C9E9D /* NSDataAdditions.m in Sources */ = {isa = PBXBuildFile; fileRef = 6ACFF69B11EA2D14006C9E9D /* NSDataAdditions.m */; };
		6ACFF6C811EA2D14006C9E9D /* NSDateAdditions.h in Headers */ = {isa = PBXBuildFile; fileRef = 6ACFF69C11EA2D14006C9E9D /* NSDateAdditions.h */; };
		6ACFF6C911EA2D14006C9E9D /* NSDateAdditions.m in Sources */ = {isa = PBXBuildFile; fileRef = 6ACFF69D11EA2D14006C9E9D /* NSDateAdditions.m */; };
		6ACFF6CA11EA2D14006C9E9D /* NSMutableArrayAdditions.h in Headers */ = {isa = PBXBuildFile; fileRef = 6ACFF69E11EA2D14006C9E9D /* NSMutableArrayAdditions.h */; };
		6ACFF6CB11EA2D14006C9E9D /* NSMutableArrayAdditions.m in Sources */ = {isa = PBXBuildFile; fileRef = 6ACFF69F11EA2D14006C9E9D /* NSMutableArrayAdditions.m */; };
		6ACFF6CC11EA2D14006C9E9D /* NSMutableDictionaryAdditions.h in Headers */ = {isa = PBXBuildFile; fileRef = 6ACFF6A011EA2D14006C9E9D /* NSMutableDictionaryAdditions.h */; };
		6ACFF6CD11EA2D14006C9E9D /* NSMutableDictionaryAdditions.m in Sources */ = {isa = PBXBuildFile; fileRef = 6ACFF6A111EA2D14006C9E9D /* NSMutableDictionaryAdditions.m */; };
		6ACFF6CE11EA2D14006C9E9D /* NSObjectAdditions.h in Headers */ = {isa = PBXBuildFile; fileRef = 6ACFF6A211EA2D14006C9E9D /* NSObjectAdditions.h */; };
		6ACFF6CF11EA2D14006C9E9D /* NSObjectAdditions.m in Sources */ = {isa = PBXBuildFile; fileRef = 6ACFF6A311EA2D14006C9E9D /* NSObjectAdditions.m */; };
		6ACFF6D011EA2D14006C9E9D /* NSStringAdditions.h in Headers */ = {isa = PBXBuildFile; fileRef = 6ACFF6A411EA2D14006C9E9D /* NSStringAdditions.h */; };
		6ACFF6D111EA2D14006C9E9D /* NSStringAdditions.m in Sources */ = {isa = PBXBuildFile; fileRef = 6ACFF6A511EA2D14006C9E9D /* NSStringAdditions.m */; };
		AA747D9F0F9514B9006C5449 /* Additions_Prefix.pch in Headers */ = {isa = PBXBuildFile; fileRef = AA747D9E0F9514B9006C5449 /* Additions_Prefix.pch */; };
		AACBBE4A0F95108600F1A2B1 /* Foundation.framework in Frameworks */ = {isa = PBXBuildFile; fileRef = AACBBE490F95108600F1A2B1 /* Foundation.framework */; };
/* End PBXBuildFile section */

/* Begin PBXFileReference section */
		6ACFF67411EA2D14006C9E9D /* UIColorAdditions.h */ = {isa = PBXFileReference; fileEncoding = 4; lastKnownFileType = sourcecode.c.h; name = UIColorAdditions.h; path = ../three20/src/Three20Style/Headers/UIColorAdditions.h; sourceTree = SOURCE_ROOT; };
		6ACFF67511EA2D14006C9E9D /* UIColorAdditions.m */ = {isa = PBXFileReference; fileEncoding = 4; lastKnownFileType = sourcecode.c.objc; name = UIColorAdditions.m; path = ../three20/src/Three20Style/Sources/UIColorAdditions.m; sourceTree = SOURCE_ROOT; };
		6ACFF67611EA2D14006C9E9D /* UIFontAdditions.h */ = {isa = PBXFileReference; fileEncoding = 4; lastKnownFileType = sourcecode.c.h; name = UIFontAdditions.h; path = ../three20/src/Three20Style/Headers/UIFontAdditions.h; sourceTree = SOURCE_ROOT; };
		6ACFF67711EA2D14006C9E9D /* UIFontAdditions.m */ = {isa = PBXFileReference; fileEncoding = 4; lastKnownFileType = sourcecode.c.objc; name = UIFontAdditions.m; path = ../three20/src/Three20Style/Sources/UIFontAdditions.m; sourceTree = SOURCE_ROOT; };
		6ACFF67811EA2D14006C9E9D /* UIImageAdditions.h */ = {isa = PBXFileReference; fileEncoding = 4; lastKnownFileType = sourcecode.c.h; name = UIImageAdditions.h; path = ../three20/src/Three20Style/Headers/UIImageAdditions.h; sourceTree = SOURCE_ROOT; };
		6ACFF67911EA2D14006C9E9D /* UIImageAdditions.m */ = {isa = PBXFileReference; fileEncoding = 4; lastKnownFileType = sourcecode.c.objc; name = UIImageAdditions.m; path = ../three20/src/Three20Style/Sources/UIImageAdditions.m; sourceTree = SOURCE_ROOT; };
		6ACFF67C11EA2D14006C9E9D /* UIViewController+TTNavigatorGarbageCollection.h */ = {isa = PBXFileReference; fileEncoding = 4; lastKnownFileType = sourcecode.c.h; name = "UIViewController+TTNavigatorGarbageCollection.h"; path = "../three20/src/Three20UINavigator/Headers/UIViewController+TTNavigatorGarbageCollection.h"; sourceTree = SOURCE_ROOT; };
		6ACFF67D11EA2D14006C9E9D /* UIViewController+TTNavigator.h */ = {isa = PBXFileReference; fileEncoding = 4; lastKnownFileType = sourcecode.c.h; name = "UIViewController+TTNavigator.h"; path = "../three20/src/Three20UINavigator/Headers/UIViewController+TTNavigator.h"; sourceTree = SOURCE_ROOT; };
		6ACFF67E11EA2D14006C9E9D /* UIViewController+TTNavigator.m */ = {isa = PBXFileReference; fileEncoding = 4; lastKnownFileType = sourcecode.c.objc; name = "UIViewController+TTNavigator.m"; path = "../three20/src/Three20UINavigator/Sources/UIViewController+TTNavigator.m"; sourceTree = SOURCE_ROOT; };
		6ACFF68111EA2D14006C9E9D /* UIViewControllerGarbageCollection.h */ = {isa = PBXFileReference; fileEncoding = 4; lastKnownFileType = sourcecode.c.h; name = UIViewControllerGarbageCollection.h; path = ../three20/src/Three20UICommon/Headers/UIViewControllerGarbageCollection.h; sourceTree = SOURCE_ROOT; };
		6ACFF68211EA2D14006C9E9D /* UIViewControllerAdditions.h */ = {isa = PBXFileReference; fileEncoding = 4; lastKnownFileType = sourcecode.c.h; name = UIViewControllerAdditions.h; path = ../three20/src/Three20UICommon/Headers/UIViewControllerAdditions.h; sourceTree = SOURCE_ROOT; };
		6ACFF68311EA2D14006C9E9D /* UIWindowAdditions.h */ = {isa = PBXFileReference; fileEncoding = 4; lastKnownFileType = sourcecode.c.h; name = UIWindowAdditions.h; path = ../three20/src/Three20UICommon/Headers/UIWindowAdditions.h; sourceTree = SOURCE_ROOT; };
		6ACFF68411EA2D14006C9E9D /* UIWindowAdditions.m */ = {isa = PBXFileReference; fileEncoding = 4; lastKnownFileType = sourcecode.c.objc; name = UIWindowAdditions.m; path = ../three20/src/Three20UICommon/Sources/UIWindowAdditions.m; sourceTree = SOURCE_ROOT; };
		6ACFF68511EA2D14006C9E9D /* UIViewControllerAdditions.m */ = {isa = PBXFileReference; fileEncoding = 4; lastKnownFileType = sourcecode.c.objc; name = UIViewControllerAdditions.m; path = ../three20/src/Three20UICommon/Sources/UIViewControllerAdditions.m; sourceTree = SOURCE_ROOT; };
		6ACFF68711EA2D14006C9E9D /* UINavigationControllerAdditions.h */ = {isa = PBXFileReference; fileEncoding = 4; lastKnownFileType = sourcecode.c.h; name = UINavigationControllerAdditions.h; path = ../three20/src/Three20UI/Headers/UINavigationControllerAdditions.h; sourceTree = SOURCE_ROOT; };
		6ACFF68811EA2D14006C9E9D /* UINavigationControllerAdditions.m */ = {isa = PBXFileReference; fileEncoding = 4; lastKnownFileType = sourcecode.c.objc; name = UINavigationControllerAdditions.m; path = ../three20/src/Three20UI/Sources/UINavigationControllerAdditions.m; sourceTree = SOURCE_ROOT; };
		6ACFF68911EA2D14006C9E9D /* UINSObjectAdditions.h */ = {isa = PBXFileReference; fileEncoding = 4; lastKnownFileType = sourcecode.c.h; name = UINSObjectAdditions.h; path = ../three20/src/Three20UI/Headers/UINSObjectAdditions.h; sourceTree = SOURCE_ROOT; };
		6ACFF68A11EA2D14006C9E9D /* UINSObjectAdditions.m */ = {isa = PBXFileReference; fileEncoding = 4; lastKnownFileType = sourcecode.c.objc; name = UINSObjectAdditions.m; path = ../three20/src/Three20UI/Sources/UINSObjectAdditions.m; sourceTree = SOURCE_ROOT; };
		6ACFF68B11EA2D14006C9E9D /* UINSStringAdditions.h */ = {isa = PBXFileReference; fileEncoding = 4; lastKnownFileType = sourcecode.c.h; name = UINSStringAdditions.h; path = ../three20/src/Three20UI/Headers/UINSStringAdditions.h; sourceTree = SOURCE_ROOT; };
		6ACFF68C11EA2D14006C9E9D /* UINSStringAdditions.m */ = {isa = PBXFileReference; fileEncoding = 4; lastKnownFileType = sourcecode.c.objc; name = UINSStringAdditions.m; path = ../three20/src/Three20UI/Sources/UINSStringAdditions.m; sourceTree = SOURCE_ROOT; };
		6ACFF68D11EA2D14006C9E9D /* UITabBarControllerAdditions.h */ = {isa = PBXFileReference; fileEncoding = 4; lastKnownFileType = sourcecode.c.h; name = UITabBarControllerAdditions.h; path = ../three20/src/Three20UI/Headers/UITabBarControllerAdditions.h; sourceTree = SOURCE_ROOT; };
		6ACFF68E11EA2D14006C9E9D /* UITabBarControllerAdditions.m */ = {isa = PBXFileReference; fileEncoding = 4; lastKnownFileType = sourcecode.c.objc; name = UITabBarControllerAdditions.m; path = ../three20/src/Three20UI/Sources/UITabBarControllerAdditions.m; sourceTree = SOURCE_ROOT; };
		6ACFF68F11EA2D14006C9E9D /* UITableViewAdditions.h */ = {isa = PBXFileReference; fileEncoding = 4; lastKnownFileType = sourcecode.c.h; name = UITableViewAdditions.h; path = ../three20/src/Three20UI/Headers/UITableViewAdditions.h; sourceTree = SOURCE_ROOT; };
		6ACFF69011EA2D14006C9E9D /* UITableViewAdditions.m */ = {isa = PBXFileReference; fileEncoding = 4; lastKnownFileType = sourcecode.c.objc; name = UITableViewAdditions.m; path = ../three20/src/Three20UI/Sources/UITableViewAdditions.m; sourceTree = SOURCE_ROOT; };
		6ACFF69111EA2D14006C9E9D /* UIToolbarAdditions.h */ = {isa = PBXFileReference; fileEncoding = 4; lastKnownFileType = sourcecode.c.h; name = UIToolbarAdditions.h; path = ../three20/src/Three20UI/Headers/UIToolbarAdditions.h; sourceTree = SOURCE_ROOT; };
		6ACFF69211EA2D14006C9E9D /* UIToolbarAdditions.m */ = {isa = PBXFileReference; fileEncoding = 4; lastKnownFileType = sourcecode.c.objc; name = UIToolbarAdditions.m; path = ../three20/src/Three20UI/Sources/UIToolbarAdditions.m; sourceTree = SOURCE_ROOT; };
		6ACFF69311EA2D14006C9E9D /* UIViewAdditions.h */ = {isa = PBXFileReference; fileEncoding = 4; lastKnownFileType = sourcecode.c.h; name = UIViewAdditions.h; path = ../three20/src/Three20UI/Headers/UIViewAdditions.h; sourceTree = SOURCE_ROOT; };
		6ACFF69411EA2D14006C9E9D /* UIViewAdditions.m */ = {isa = PBXFileReference; fileEncoding = 4; lastKnownFileType = sourcecode.c.objc; name = UIViewAdditions.m; path = ../three20/src/Three20UI/Sources/UIViewAdditions.m; sourceTree = SOURCE_ROOT; };
		6ACFF69511EA2D14006C9E9D /* UIWebViewAdditions.h */ = {isa = PBXFileReference; fileEncoding = 4; lastKnownFileType = sourcecode.c.h; name = UIWebViewAdditions.h; path = ../three20/src/Three20UI/Headers/UIWebViewAdditions.h; sourceTree = SOURCE_ROOT; };
		6ACFF69611EA2D14006C9E9D /* UIWebViewAdditions.m */ = {isa = PBXFileReference; fileEncoding = 4; lastKnownFileType = sourcecode.c.objc; name = UIWebViewAdditions.m; path = ../three20/src/Three20UI/Sources/UIWebViewAdditions.m; sourceTree = SOURCE_ROOT; };
		6ACFF69811EA2D14006C9E9D /* NSArrayAdditions.h */ = {isa = PBXFileReference; fileEncoding = 4; lastKnownFileType = sourcecode.c.h; name = NSArrayAdditions.h; path = ../three20/src/Three20Core/Headers/NSArrayAdditions.h; sourceTree = SOURCE_ROOT; };
		6ACFF69911EA2D14006C9E9D /* NSArrayAdditions.m */ = {isa = PBXFileReference; fileEncoding = 4; lastKnownFileType = sourcecode.c.objc; name = NSArrayAdditions.m; path = ../three20/src/Three20Core/Sources/NSArrayAdditions.m; sourceTree = SOURCE_ROOT; };
		6ACFF69A11EA2D14006C9E9D /* NSDataAdditions.h */ = {isa = PBXFileReference; fileEncoding = 4; lastKnownFileType = sourcecode.c.h; name = NSDataAdditions.h; path = ../three20/src/Three20Core/Headers/NSDataAdditions.h; sourceTree = SOURCE_ROOT; };
		6ACFF69B11EA2D14006C9E9D /* NSDataAdditions.m */ = {isa = PBXFileReference; fileEncoding = 4; lastKnownFileType = sourcecode.c.objc; name = NSDataAdditions.m; path = ../three20/src/Three20Core/Sources/NSDataAdditions.m; sourceTree = SOURCE_ROOT; };
		6ACFF69C11EA2D14006C9E9D /* NSDateAdditions.h */ = {isa = PBXFileReference; fileEncoding = 4; lastKnownFileType = sourcecode.c.h; name = NSDateAdditions.h; path = ../three20/src/Three20Core/Headers/NSDateAdditions.h; sourceTree = SOURCE_ROOT; };
		6ACFF69D11EA2D14006C9E9D /* NSDateAdditions.m */ = {isa = PBXFileReference; fileEncoding = 4; lastKnownFileType = sourcecode.c.objc; name = NSDateAdditions.m; path = ../three20/src/Three20Core/Sources/NSDateAdditions.m; sourceTree = SOURCE_ROOT; };
		6ACFF69E11EA2D14006C9E9D /* NSMutableArrayAdditions.h */ = {isa = PBXFileReference; fileEncoding = 4; lastKnownFileType = sourcecode.c.h; name = NSMutableArrayAdditions.h; path = ../three20/src/Three20Core/Headers/NSMutableArrayAdditions.h; sourceTree = SOURCE_ROOT; };
		6ACFF69F11EA2D14006C9E9D /* NSMutableArrayAdditions.m */ = {isa = PBXFileReference; fileEncoding = 4; lastKnownFileType = sourcecode.c.objc; name = NSMutableArrayAdditions.m; path = ../three20/src/Three20Core/Sources/NSMutableArrayAdditions.m; sourceTree = SOURCE_ROOT; };
		6ACFF6A011EA2D14006C9E9D /* NSMutableDictionaryAdditions.h */ = {isa = PBXFileReference; fileEncoding = 4; lastKnownFileType = sourcecode.c.h; name = NSMutableDictionaryAdditions.h; path = ../three20/src/Three20Core/Headers/NSMutableDictionaryAdditions.h; sourceTree = SOURCE_ROOT; };
		6ACFF6A111EA2D14006C9E9D /* NSMutableDictionaryAdditions.m */ = {isa = PBXFileReference; fileEncoding = 4; lastKnownFileType = sourcecode.c.objc; name = NSMutableDictionaryAdditions.m; path = ../three20/src/Three20Core/Sources/NSMutableDictionaryAdditions.m; sourceTree = SOURCE_ROOT; };
		6ACFF6A211EA2D14006C9E9D /* NSObjectAdditions.h */ = {isa = PBXFileReference; fileEncoding = 4; lastKnownFileType = sourcecode.c.h; name = NSObjectAdditions.h; path = ../three20/src/Three20Core/Headers/NSObjectAdditions.h; sourceTree = SOURCE_ROOT; };
		6ACFF6A311EA2D14006C9E9D /* NSObjectAdditions.m */ = {isa = PBXFileReference; fileEncoding = 4; lastKnownFileType = sourcecode.c.objc; name = NSObjectAdditions.m; path = ../three20/src/Three20Core/Sources/NSObjectAdditions.m; sourceTree = SOURCE_ROOT; };
		6ACFF6A411EA2D14006C9E9D /* NSStringAdditions.h */ = {isa = PBXFileReference; fileEncoding = 4; lastKnownFileType = sourcecode.c.h; name = NSStringAdditions.h; path = ../three20/src/Three20Core/Headers/NSStringAdditions.h; sourceTree = SOURCE_ROOT; };
		6ACFF6A511EA2D14006C9E9D /* NSStringAdditions.m */ = {isa = PBXFileReference; fileEncoding = 4; lastKnownFileType = sourcecode.c.objc; name = NSStringAdditions.m; path = ../three20/src/Three20Core/Sources/NSStringAdditions.m; sourceTree = SOURCE_ROOT; };
		AA747D9E0F9514B9006C5449 /* Additions_Prefix.pch */ = {isa = PBXFileReference; fileEncoding = 4; lastKnownFileType = sourcecode.c.h; path = Additions_Prefix.pch; sourceTree = SOURCE_ROOT; };
		AACBBE490F95108600F1A2B1 /* Foundation.framework */ = {isa = PBXFileReference; lastKnownFileType = wrapper.framework; name = Foundation.framework; path = System/Library/Frameworks/Foundation.framework; sourceTree = SDKROOT; };
		D2AAC07E0554694100DB518D /* libAdditions.a */ = {isa = PBXFileReference; explicitFileType = archive.ar; includeInIndex = 0; path = libAdditions.a; sourceTree = BUILT_PRODUCTS_DIR; };
/* End PBXFileReference section */

/* Begin PBXFrameworksBuildPhase section */
		D2AAC07C0554694100DB518D /* Frameworks */ = {
			isa = PBXFrameworksBuildPhase;
			buildActionMask = 2147483647;
			files = (
				AACBBE4A0F95108600F1A2B1 /* Foundation.framework in Frameworks */,
			);
			runOnlyForDeploymentPostprocessing = 0;
		};
/* End PBXFrameworksBuildPhase section */

/* Begin PBXGroup section */
		034768DFFF38A50411DB9C8B /* Products */ = {
			isa = PBXGroup;
			children = (
				D2AAC07E0554694100DB518D /* libAdditions.a */,
			);
			name = Products;
			sourceTree = "<group>";
		};
		0867D691FE84028FC02AAC07 /* Additions */ = {
			isa = PBXGroup;
			children = (
				08FB77AEFE84172EC02AAC07 /* Classes */,
				32C88DFF0371C24200C91783 /* Other Sources */,
				0867D69AFE84028FC02AAC07 /* Frameworks */,
				034768DFFF38A50411DB9C8B /* Products */,
			);
			name = Additions;
			sourceTree = "<group>";
		};
		0867D69AFE84028FC02AAC07 /* Frameworks */ = {
			isa = PBXGroup;
			children = (
				AACBBE490F95108600F1A2B1 /* Foundation.framework */,
			);
			name = Frameworks;
			sourceTree = "<group>";
		};
		08FB77AEFE84172EC02AAC07 /* Classes */ = {
			isa = PBXGroup;
			children = (
				6ACFF6D911EA2D47006C9E9D /* Style */,
				6ACFF67411EA2D14006C9E9D /* UIColorAdditions.h */,
				6ACFF67511EA2D14006C9E9D /* UIColorAdditions.m */,
				6ACFF67611EA2D14006C9E9D /* UIFontAdditions.h */,
				6ACFF67711EA2D14006C9E9D /* UIFontAdditions.m */,
				6ACFF67811EA2D14006C9E9D /* UIImageAdditions.h */,
				6ACFF67911EA2D14006C9E9D /* UIImageAdditions.m */,
				6ACFF6D811EA2D3D006C9E9D /* UINavigator */,
				6ACFF67D11EA2D14006C9E9D /* UIViewController+TTNavigator.h */,
				6ACFF67E11EA2D14006C9E9D /* UIViewController+TTNavigator.m */,
				6ACFF6D711EA2D35006C9E9D /* UICommon */,
				6ACFF6D611EA2D2F006C9E9D /* UI */,
				6ACFF6D511EA2D27006C9E9D /* Core */,
			);
			name = Classes;
			sourceTree = "<group>";
		};
		32C88DFF0371C24200C91783 /* Other Sources */ = {
			isa = PBXGroup;
			children = (
				AA747D9E0F9514B9006C5449 /* Additions_Prefix.pch */,
			);
			name = "Other Sources";
			sourceTree = "<group>";
		};
		6ACFF6D511EA2D27006C9E9D /* Core */ = {
			isa = PBXGroup;
			children = (
				6ACFF69811EA2D14006C9E9D /* NSArrayAdditions.h */,
				6ACFF69911EA2D14006C9E9D /* NSArrayAdditions.m */,
				6ACFF69A11EA2D14006C9E9D /* NSDataAdditions.h */,
				6ACFF69B11EA2D14006C9E9D /* NSDataAdditions.m */,
				6ACFF69C11EA2D14006C9E9D /* NSDateAdditions.h */,
				6ACFF69D11EA2D14006C9E9D /* NSDateAdditions.m */,
				6ACFF69E11EA2D14006C9E9D /* NSMutableArrayAdditions.h */,
				6ACFF69F11EA2D14006C9E9D /* NSMutableArrayAdditions.m */,
				6ACFF6A011EA2D14006C9E9D /* NSMutableDictionaryAdditions.h */,
				6ACFF6A111EA2D14006C9E9D /* NSMutableDictionaryAdditions.m */,
				6ACFF6A211EA2D14006C9E9D /* NSObjectAdditions.h */,
				6ACFF6A311EA2D14006C9E9D /* NSObjectAdditions.m */,
				6ACFF6A411EA2D14006C9E9D /* NSStringAdditions.h */,
				6ACFF6A511EA2D14006C9E9D /* NSStringAdditions.m */,
			);
			name = Core;
			sourceTree = "<group>";
		};
		6ACFF6D611EA2D2F006C9E9D /* UI */ = {
			isa = PBXGroup;
			children = (
				6ACFF68711EA2D14006C9E9D /* UINavigationControllerAdditions.h */,
				6ACFF68811EA2D14006C9E9D /* UINavigationControllerAdditions.m */,
				6ACFF68911EA2D14006C9E9D /* UINSObjectAdditions.h */,
				6ACFF68A11EA2D14006C9E9D /* UINSObjectAdditions.m */,
				6ACFF68B11EA2D14006C9E9D /* UINSStringAdditions.h */,
				6ACFF68C11EA2D14006C9E9D /* UINSStringAdditions.m */,
				6ACFF68D11EA2D14006C9E9D /* UITabBarControllerAdditions.h */,
				6ACFF68E11EA2D14006C9E9D /* UITabBarControllerAdditions.m */,
				6ACFF68F11EA2D14006C9E9D /* UITableViewAdditions.h */,
				6ACFF69011EA2D14006C9E9D /* UITableViewAdditions.m */,
				6ACFF69111EA2D14006C9E9D /* UIToolbarAdditions.h */,
				6ACFF69211EA2D14006C9E9D /* UIToolbarAdditions.m */,
				6ACFF69311EA2D14006C9E9D /* UIViewAdditions.h */,
				6ACFF69411EA2D14006C9E9D /* UIViewAdditions.m */,
				6ACFF69511EA2D14006C9E9D /* UIWebViewAdditions.h */,
				6ACFF69611EA2D14006C9E9D /* UIWebViewAdditions.m */,
			);
			name = UI;
			sourceTree = "<group>";
		};
		6ACFF6D711EA2D35006C9E9D /* UICommon */ = {
			isa = PBXGroup;
			children = (
				6ACFF6DA11EA2D72006C9E9D /* Private */,
				6ACFF68211EA2D14006C9E9D /* UIViewControllerAdditions.h */,
				6ACFF68311EA2D14006C9E9D /* UIWindowAdditions.h */,
				6ACFF68411EA2D14006C9E9D /* UIWindowAdditions.m */,
				6ACFF68511EA2D14006C9E9D /* UIViewControllerAdditions.m */,
			);
			name = UICommon;
			sourceTree = "<group>";
		};
		6ACFF6D811EA2D3D006C9E9D /* UINavigator */ = {
			isa = PBXGroup;
			children = (
				6ACFF6DB11EA2D90006C9E9D /* Private */,
			);
			name = UINavigator;
			sourceTree = "<group>";
		};
		6ACFF6D911EA2D47006C9E9D /* Style */ = {
			isa = PBXGroup;
			children = (
			);
			name = Style;
			sourceTree = "<group>";
		};
		6ACFF6DA11EA2D72006C9E9D /* Private */ = {
			isa = PBXGroup;
			children = (
				6ACFF68111EA2D14006C9E9D /* UIViewControllerGarbageCollection.h */,
			);
			name = Private;
			sourceTree = "<group>";
		};
		6ACFF6DB11EA2D90006C9E9D /* Private */ = {
			isa = PBXGroup;
			children = (
				6ACFF67C11EA2D14006C9E9D /* UIViewController+TTNavigatorGarbageCollection.h */,
			);
			name = Private;
			sourceTree = "<group>";
		};
/* End PBXGroup section */

/* Begin PBXHeadersBuildPhase section */
		D2AAC07A0554694100DB518D /* Headers */ = {
			isa = PBXHeadersBuildPhase;
			buildActionMask = 2147483647;
			files = (
				AA747D9F0F9514B9006C5449 /* Additions_Prefix.pch in Headers */,
				6ACFF6A611EA2D14006C9E9D /* UIColorAdditions.h in Headers */,
				6ACFF6A811EA2D14006C9E9D /* UIFontAdditions.h in Headers */,
				6ACFF6AA11EA2D14006C9E9D /* UIImageAdditions.h in Headers */,
				6ACFF6AC11EA2D14006C9E9D /* UIViewController+TTNavigatorGarbageCollection.h in Headers */,
				6ACFF6AD11EA2D14006C9E9D /* UIViewController+TTNavigator.h in Headers */,
				6ACFF6AF11EA2D14006C9E9D /* UIViewControllerGarbageCollection.h in Headers */,
				6ACFF6B011EA2D14006C9E9D /* UIViewControllerAdditions.h in Headers */,
				6ACFF6B111EA2D14006C9E9D /* UIWindowAdditions.h in Headers */,
				6ACFF6B411EA2D14006C9E9D /* UINavigationControllerAdditions.h in Headers */,
				6ACFF6B611EA2D14006C9E9D /* UINSObjectAdditions.h in Headers */,
				6ACFF6B811EA2D14006C9E9D /* UINSStringAdditions.h in Headers */,
				6ACFF6BA11EA2D14006C9E9D /* UITabBarControllerAdditions.h in Headers */,
				6ACFF6BC11EA2D14006C9E9D /* UITableViewAdditions.h in Headers */,
				6ACFF6BE11EA2D14006C9E9D /* UIToolbarAdditions.h in Headers */,
				6ACFF6C011EA2D14006C9E9D /* UIViewAdditions.h in Headers */,
				6ACFF6C211EA2D14006C9E9D /* UIWebViewAdditions.h in Headers */,
				6ACFF6C411EA2D14006C9E9D /* NSArrayAdditions.h in Headers */,
				6ACFF6C611EA2D14006C9E9D /* NSDataAdditions.h in Headers */,
				6ACFF6C811EA2D14006C9E9D /* NSDateAdditions.h in Headers */,
				6ACFF6CA11EA2D14006C9E9D /* NSMutableArrayAdditions.h in Headers */,
				6ACFF6CC11EA2D14006C9E9D /* NSMutableDictionaryAdditions.h in Headers */,
				6ACFF6CE11EA2D14006C9E9D /* NSObjectAdditions.h in Headers */,
				6ACFF6D011EA2D14006C9E9D /* NSStringAdditions.h in Headers */,
			);
			runOnlyForDeploymentPostprocessing = 0;
		};
/* End PBXHeadersBuildPhase section */

/* Begin PBXNativeTarget section */
		D2AAC07D0554694100DB518D /* Additions */ = {
			isa = PBXNativeTarget;
			buildConfigurationList = 1DEB921E08733DC00010E9CD /* Build configuration list for PBXNativeTarget "Additions" */;
			buildPhases = (
				D2AAC07A0554694100DB518D /* Headers */,
				D2AAC07B0554694100DB518D /* Sources */,
				D2AAC07C0554694100DB518D /* Frameworks */,
			);
			buildRules = (
			);
			dependencies = (
			);
			name = Additions;
			productName = Additions;
			productReference = D2AAC07E0554694100DB518D /* libAdditions.a */;
			productType = "com.apple.product-type.library.static";
		};
/* End PBXNativeTarget section */

/* Begin PBXProject section */
		0867D690FE84028FC02AAC07 /* Project object */ = {
			isa = PBXProject;
			buildConfigurationList = 1DEB922208733DC00010E9CD /* Build configuration list for PBXProject "Additions" */;
			compatibilityVersion = "Xcode 3.1";
			hasScannedForEncodings = 1;
			mainGroup = 0867D691FE84028FC02AAC07 /* Additions */;
			productRefGroup = 034768DFFF38A50411DB9C8B /* Products */;
			projectDirPath = "";
			projectRoot = "";
			targets = (
				D2AAC07D0554694100DB518D /* Additions */,
			);
		};
/* End PBXProject section */

/* Begin PBXSourcesBuildPhase section */
		D2AAC07B0554694100DB518D /* Sources */ = {
			isa = PBXSourcesBuildPhase;
			buildActionMask = 2147483647;
			files = (
				6ACFF6A711EA2D14006C9E9D /* UIColorAdditions.m in Sources */,
				6ACFF6A911EA2D14006C9E9D /* UIFontAdditions.m in Sources */,
				6ACFF6AB11EA2D14006C9E9D /* UIImageAdditions.m in Sources */,
				6ACFF6AE11EA2D14006C9E9D /* UIViewController+TTNavigator.m in Sources */,
				6ACFF6B211EA2D14006C9E9D /* UIWindowAdditions.m in Sources */,
				6ACFF6B311EA2D14006C9E9D /* UIViewControllerAdditions.m in Sources */,
				6ACFF6B511EA2D14006C9E9D /* UINavigationControllerAdditions.m in Sources */,
				6ACFF6B711EA2D14006C9E9D /* UINSObjectAdditions.m in Sources */,
				6ACFF6B911EA2D14006C9E9D /* UINSStringAdditions.m in Sources */,
				6ACFF6BB11EA2D14006C9E9D /* UITabBarControllerAdditions.m in Sources */,
				6ACFF6BD11EA2D14006C9E9D /* UITableViewAdditions.m in Sources */,
				6ACFF6BF11EA2D14006C9E9D /* UIToolbarAdditions.m in Sources */,
				6ACFF6C111EA2D14006C9E9D /* UIViewAdditions.m in Sources */,
				6ACFF6C311EA2D14006C9E9D /* UIWebViewAdditions.m in Sources */,
				6ACFF6C511EA2D14006C9E9D /* NSArrayAdditions.m in Sources */,
				6ACFF6C711EA2D14006C9E9D /* NSDataAdditions.m in Sources */,
				6ACFF6C911EA2D14006C9E9D /* NSDateAdditions.m in Sources */,
				6ACFF6CB11EA2D14006C9E9D /* NSMutableArrayAdditions.m in Sources */,
				6ACFF6CD11EA2D14006C9E9D /* NSMutableDictionaryAdditions.m in Sources */,
				6ACFF6CF11EA2D14006C9E9D /* NSObjectAdditions.m in Sources */,
				6ACFF6D111EA2D14006C9E9D /* NSStringAdditions.m in Sources */,
			);
			runOnlyForDeploymentPostprocessing = 0;
		};
/* End PBXSourcesBuildPhase section */

/* Begin XCBuildConfiguration section */
		1DEB921F08733DC00010E9CD /* Debug */ = {
			isa = XCBuildConfiguration;
			buildSettings = {
				ALWAYS_SEARCH_USER_PATHS = NO;
				ARCHS = "$(ARCHS_STANDARD_32_BIT)";
				COPY_PHASE_STRIP = NO;
				DSTROOT = /tmp/Additions.dst;
				GCC_DYNAMIC_NO_PIC = NO;
				GCC_ENABLE_FIX_AND_CONTINUE = YES;
				GCC_MODEL_TUNING = G5;
				GCC_OPTIMIZATION_LEVEL = 0;
				GCC_PRECOMPILE_PREFIX_HEADER = YES;
				GCC_PREFIX_HEADER = Additions_Prefix.pch;
				INSTALL_PATH = /usr/local/lib;
				PRODUCT_NAME = Additions;
			};
			name = Debug;
		};
		1DEB922008733DC00010E9CD /* Release */ = {
			isa = XCBuildConfiguration;
			buildSettings = {
				ALWAYS_SEARCH_USER_PATHS = NO;
				ARCHS = "$(ARCHS_STANDARD_32_BIT)";
				DSTROOT = /tmp/Additions.dst;
				GCC_MODEL_TUNING = G5;
				GCC_PRECOMPILE_PREFIX_HEADER = YES;
				GCC_PREFIX_HEADER = Additions_Prefix.pch;
				INSTALL_PATH = /usr/local/lib;
				PRODUCT_NAME = Additions;
			};
			name = Release;
		};
		1DEB922308733DC00010E9CD /* Debug */ = {
			isa = XCBuildConfiguration;
			buildSettings = {
				ARCHS = "$(ARCHS_STANDARD_32_BIT)";
				GCC_C_LANGUAGE_STANDARD = c99;
				GCC_OPTIMIZATION_LEVEL = 0;
				GCC_VERSION = com.apple.compilers.llvm.clang.1_0;
				GCC_WARN_ABOUT_RETURN_TYPE = YES;
				GCC_WARN_UNUSED_VARIABLE = YES;
				HEADER_SEARCH_PATHS = ../three20/Build/Products/three20;
				OTHER_LDFLAGS = "-ObjC";
				PREBINDING = NO;
				SDKROOT = iphoneos4.0;
			};
			name = Debug;
		};
		1DEB922408733DC00010E9CD /* Release */ = {
			isa = XCBuildConfiguration;
			buildSettings = {
				ARCHS = "$(ARCHS_STANDARD_32_BIT)";
				GCC_C_LANGUAGE_STANDARD = c99;
				GCC_VERSION = com.apple.compilers.llvm.clang.1_0;
				GCC_WARN_ABOUT_RETURN_TYPE = YES;
				GCC_WARN_UNUSED_VARIABLE = YES;
				HEADER_SEARCH_PATHS = ../three20/Build/Products/three20;
				OTHER_LDFLAGS = "-ObjC";
				PREBINDING = NO;
				SDKROOT = iphoneos4.0;
			};
			name = Release;
		};
/* End XCBuildConfiguration section */

/* Begin XCConfigurationList section */
		1DEB921E08733DC00010E9CD /* Build configuration list for PBXNativeTarget "Additions" */ = {
			isa = XCConfigurationList;
			buildConfigurations = (
				1DEB921F08733DC00010E9CD /* Debug */,
				1DEB922008733DC00010E9CD /* Release */,
			);
			defaultConfigurationIsVisible = 0;
			defaultConfigurationName = Release;
		};
		1DEB922208733DC00010E9CD /* Build configuration list for PBXProject "Additions" */ = {
			isa = XCConfigurationList;
			buildConfigurations = (
				1DEB922308733DC00010E9CD /* Debug */,
				1DEB922408733DC00010E9CD /* Release */,
			);
			defaultConfigurationIsVisible = 0;
			defaultConfigurationName = Release;
		};
/* End XCConfigurationList section */
	};
	rootObject = 0867D690FE84028FC02AAC07 /* Project object */;
}
